
Microsoft Visual Studio Solution File, Format Version 12.00
# Visual Studio Version 16
VisualStudioVersion = 16.0.30413.136
MinimumVisualStudioVersion = 10.0.40219.1
Project("{9092AA53-FB77-4645-B42D-1CCCA6BD08BD}") = "NodeJsEasyDeploy", "NodeJsEasyDeploy\NodeJsEasyDeploy.njsproj", "{0EFF0144-78C5-4DF0-A9BC-41DB5EB5A308}"
EndProject
Project("{FAE04EC0-301F-11D3-BF4B-00C04F79EFBC}") = "MVCTypeScript_NonAngular", "MVCTypeScript_NonAngular\MVCTypeScript_NonAngular.csproj", "{23033C8E-F42A-4C1A-8048-EF1EF75B9B42}"
EndProject
Global
	GlobalSection(SolutionConfigurationPlatforms) = preSolution
		Debug|Any CPU = Debug|Any CPU
		Release|Any CPU = Release|Any CPU
	EndGlobalSection
	GlobalSection(ProjectConfigurationPlatforms) = postSolution
		{0EFF0144-78C5-4DF0-A9BC-41DB5EB5A308}.Debug|Any CPU.ActiveCfg = Debug|Any CPU
		{0EFF0144-78C5-4DF0-A9BC-41DB5EB5A308}.Debug|Any CPU.Build.0 = Debug|Any CPU
		{0EFF0144-78C5-4DF0-A9BC-41DB5EB5A308}.Release|Any CPU.ActiveCfg = Release|Any CPU
		{0EFF0144-78C5-4DF0-A9BC-41DB5EB5A308}.Release|Any CPU.Build.0 = Release|Any CPU
		{23033C8E-F42A-4C1A-8048-EF1EF75B9B42}.Debug|Any CPU.ActiveCfg = Debug|Any CPU
		{23033C8E-F42A-4C1A-8048-EF1EF75B9B42}.Debug|Any CPU.Build.0 = Debug|Any CPU
		{23033C8E-F42A-4C1A-8048-EF1EF75B9B42}.Release|Any CPU.ActiveCfg = Release|Any CPU
		{23033C8E-F42A-4C1A-8048-EF1EF75B9B42}.Release|Any CPU.Build.0 = Release|Any CPU
	EndGlobalSection
	GlobalSection(SolutionProperties) = preSolution
		HideSolutionNode = FALSE
	EndGlobalSection
	GlobalSection(ExtensibilityGlobals) = postSolution
		SolutionGuid = {4E833997-CD3A-47EC-9343-57210DC16701}
	EndGlobalSection
EndGlobal
